
Microsoft Visual Studio Solution File, Format Version 12.00
# Visual Studio Version 17
VisualStudioVersion = 17.0.31903.59
MinimumVisualStudioVersion = 10.0.40219.1
Project("{FAE04EC0-301F-11D3-BF4B-00C04F79EFBC}") = "UniBay.Result.UnitTests", "tests\UniBay.Result.UnitTests\UniBay.Result.UnitTests.csproj", "{A97191D8-4283-400B-AFED-7CC4EF1BA3EF}"
EndProject
Project("{FAE04EC0-301F-11D3-BF4B-00C04F79EFBC}") = "UniBay.Result", "src\UniBay.Result\UniBay.Result.csproj", "{DC07843F-B548-4DA7-8A09-DB7024B84C21}"
EndProject
Project("{FAE04EC0-301F-11D3-BF4B-00C04F79EFBC}") = "UniBay.Result.AspNetCore", "src\UniBay.Result.AspNetCore\UniBay.Result.AspNetCore.csproj", "{B7B89152-F9DB-44DF-880D-991A59EC59EF}"
EndProject
Project("{2150E333-8FDC-42A3-9474-1A3956D46DE8}") = "src", "src", "{F671FF03-230A-4460-A529-FB66433FCB85}"
EndProject
Project("{2150E333-8FDC-42A3-9474-1A3956D46DE8}") = "tests", "tests", "{0415BC00-DFC7-40EF-B61E-B4540DDCA390}"
EndProject
Project("{2150E333-8FDC-42A3-9474-1A3956D46DE8}") = "example", "example", "{C0D97600-BDB8-442A-B78D-73A112B751E2}"
EndProject
Project("{FAE04EC0-301F-11D3-BF4B-00C04F79EFBC}") = "UniBay.Result.ExampleApi", "example\UniBay.Result.ExampleApi\UniBay.Result.ExampleApi.csproj", "{34FE98F5-966A-4414-A723-34E06482FE7F}"
EndProject
Global
	GlobalSection(SolutionConfigurationPlatforms) = preSolution
		Debug|Any CPU = Debug|Any CPU
		Release|Any CPU = Release|Any CPU
	EndGlobalSection
	GlobalSection(SolutionProperties) = preSolution
		HideSolutionNode = FALSE
	EndGlobalSection
	GlobalSection(ProjectConfigurationPlatforms) = postSolution
		{A97191D8-4283-400B-AFED-7CC4EF1BA3EF}.Debug|Any CPU.ActiveCfg = Debug|Any CPU
		{A97191D8-4283-400B-AFED-7CC4EF1BA3EF}.Debug|Any CPU.Build.0 = Debug|Any CPU
		{A97191D8-4283-400B-AFED-7CC4EF1BA3EF}.Release|Any CPU.ActiveCfg = Release|Any CPU
		{A97191D8-4283-400B-AFED-7CC4EF1BA3EF}.Release|Any CPU.Build.0 = Release|Any CPU
		{DC07843F-B548-4DA7-8A09-DB7024B84C21}.Debug|Any CPU.ActiveCfg = Debug|Any CPU
		{DC07843F-B548-4DA7-8A09-DB7024B84C21}.Debug|Any CPU.Build.0 = Debug|Any CPU
		{DC07843F-B548-4DA7-8A09-DB7024B84C21}.Release|Any CPU.ActiveCfg = Release|Any CPU
		{DC07843F-B548-4DA7-8A09-DB7024B84C21}.Release|Any CPU.Build.0 = Release|Any CPU
		{B7B89152-F9DB-44DF-880D-991A59EC59EF}.Debug|Any CPU.ActiveCfg = Debug|Any CPU
		{B7B89152-F9DB-44DF-880D-991A59EC59EF}.Debug|Any CPU.Build.0 = Debug|Any CPU
		{B7B89152-F9DB-44DF-880D-991A59EC59EF}.Release|Any CPU.ActiveCfg = Release|Any CPU
		{B7B89152-F9DB-44DF-880D-991A59EC59EF}.Release|Any CPU.Build.0 = Release|Any CPU
		{34FE98F5-966A-4414-A723-34E06482FE7F}.Debug|Any CPU.ActiveCfg = Debug|Any CPU
		{34FE98F5-966A-4414-A723-34E06482FE7F}.Debug|Any CPU.Build.0 = Debug|Any CPU
		{34FE98F5-966A-4414-A723-34E06482FE7F}.Release|Any CPU.ActiveCfg = Release|Any CPU
		{34FE98F5-966A-4414-A723-34E06482FE7F}.Release|Any CPU.Build.0 = Release|Any CPU
	EndGlobalSection
	GlobalSection(NestedProjects) = preSolution
		{DC07843F-B548-4DA7-8A09-DB7024B84C21} = {F671FF03-230A-4460-A529-FB66433FCB85}
		{B7B89152-F9DB-44DF-880D-991A59EC59EF} = {F671FF03-230A-4460-A529-FB66433FCB85}
		{A97191D8-4283-400B-AFED-7CC4EF1BA3EF} = {0415BC00-DFC7-40EF-B61E-B4540DDCA390}
		{34FE98F5-966A-4414-A723-34E06482FE7F} = {C0D97600-BDB8-442A-B78D-73A112B751E2}
	EndGlobalSection
EndGlobal
